
Microsoft Visual Studio Solution File, Format Version 12.00
# Visual Studio 15
VisualStudioVersion = 15.0.27004.2010
MinimumVisualStudioVersion = 10.0.40219.1
Project("{FAE04EC0-301F-11D3-BF4B-00C04F79EFBC}") = "Bioskop", "Bioskop\Bioskop.csproj", "{09B5BA44-FE43-4139-A5B5-533D0F233D7F}"
EndProject
Global
	GlobalSection(SolutionConfigurationPlatforms) = preSolution
		Debug|Any CPU = Debug|Any CPU
		Release|Any CPU = Release|Any CPU
	EndGlobalSection
	GlobalSection(ProjectConfigurationPlatforms) = postSolution
		{09B5BA44-FE43-4139-A5B5-533D0F233D7F}.Debug|Any CPU.ActiveCfg = Debug|Any CPU
		{09B5BA44-FE43-4139-A5B5-533D0F233D7F}.Debug|Any CPU.Build.0 = Debug|Any CPU
		{09B5BA44-FE43-4139-A5B5-533D0F233D7F}.Release|Any CPU.ActiveCfg = Release|Any CPU
		{09B5BA44-FE43-4139-A5B5-533D0F233D7F}.Release|Any CPU.Build.0 = Release|Any CPU
	EndGlobalSection
	GlobalSection(SolutionProperties) = preSolution
		HideSolutionNode = FALSE
	EndGlobalSection
	GlobalSection(ExtensibilityGlobals) = postSolution
		SolutionGuid = {018F2801-5A8F-4D9E-9027-7C14950BA1CD}
	EndGlobalSection
EndGlobal
